<?xml version="1.0" encoding="utf-8"?>
<Project ToolsVersion="4.0" xmlns="http://schemas.microsoft.com/developer/msbuild/2003">
  <ItemGroup>
    <Filter Include="Source files">
      <UniqueIdentifier>{83a3b9e9-79ad-495a-862f-7c9f222776cd}</UniqueIdentifier>
      <Extensions>cpp;c;cc;cxx;def;odl;idl;hpj;bat;asm;asmx</Extensions>
    </Filter>
    <Filter Include="Header files">
      <UniqueIdentifier>{cd830145-ce8e-43f0-82ec-1e61f99d3229}</UniqueIdentifier>
      <Extensions>h;hpp;hxx;hm;inl;inc;xsd</Extensions>
    </Filter>
    <Filter Include="Resource files">
      <UniqueIdentifier>{1d754bdf-98d1-4146-9c02-6bc0f658001d}</UniqueIdentifier>
      <Extensions>rc;ico;cur;bmp;dlg;rc2;rct;bin;rgs;gif;jpg;jpeg;jpe;resx;tiff;tif;png;wav</Extensions>
    </Filter>
    <Filter Include="Source files\Startup">
      <UniqueIdentifier>{3fe4ab05-c6c2-4bb0-9895-38512f834d5c}</UniqueIdentifier>
    </Filter>
    <Filter Include="Source files\STM32Cube HAL">
      <UniqueIdentifier>{129b3d90-7ae9-4658-b1e3-12d8e27ad810}</UniqueIdentifier>
    </Filter>
    <Filter Include="Source files\STM32Cube HAL\COMMON">
      <UniqueIdentifier>{5b374a7a-f171-4004-84e8-1bfdc8d84d51}</UniqueIdentifier>
    </Filter>
    <Filter Include="Source files\STM32Cube HAL\RCC">
      <UniqueIdentifier>{96c4b3dc-219e-498c-be38-751f5bd6bbc0}</UniqueIdentifier>
    </Filter>
    <Filter Include="Source files\STM32Cube HAL\CORTEX">
      <UniqueIdentifier>{96e844ba-0416-4c6f-a99e-6a744d2f5ae3}</UniqueIdentifier>
    </Filter>
    <Filter Include="Source files\STM32Cube HAL\TIM">
      <UniqueIdentifier>{e677aa30-db5c-466e-89da-b921bfac8422}</UniqueIdentifier>
    </Filter>
    <Filter Include="Source files\STM32Cube HAL\DMA">
      <UniqueIdentifier>{0132180d-ab66-4582-9caf-2ab281c8f31b}</UniqueIdentifier>
    </Filter>
    <Filter Include="Source files\STM32Cube HAL\PWR">
      <UniqueIdentifier>{f8e45541-1c74-483d-8070-af57df6c2b04}</UniqueIdentifier>
    </Filter>
    <Filter Include="Source files\STM32Cube HAL\SPI">
      <UniqueIdentifier>{3fe24491-3f0e-42a3-a4a6-ff93c7be2d93}</UniqueIdentifier>
    </Filter>
    <Filter Include="Source files\STM32Cube HAL\FLASH">
      <UniqueIdentifier>{294b5eca-bbc9-4152-8f56-10ad28319361}</UniqueIdentifier>
    </Filter>
    <Filter Include="Source files\STM32Cube HAL\GPIO">
      <UniqueIdentifier>{699ba44a-c8ca-4a1f-ab64-8013d74a0d4a}</UniqueIdentifier>
    </Filter>
    <Filter Include="Source files\Device-specific files">
      <UniqueIdentifier>{d24e31bf-515c-49e1-a0e1-20b7ccce1de5}</UniqueIdentifier>
    </Filter>
    <Filter Include="Header files\Startup">
      <UniqueIdentifier>{5544440e-fc3e-4932-8d78-79acb3566617}</UniqueIdentifier>
    </Filter>
    <Filter Include="Header files\STM32Cube HAL">
      <UniqueIdentifier>{0655e45d-7f0b-4dd7-ac91-490078a38ed9}</UniqueIdentifier>
    </Filter>
    <Filter Include="Header files\STM32Cube HAL\COMMON">
      <UniqueIdentifier>{12d01613-7d82-4707-919e-68547b5df2c7}</UniqueIdentifier>
    </Filter>
    <Filter Include="Header files\STM32Cube HAL\RCC">
      <UniqueIdentifier>{139bb314-90ee-4fa2-99ea-e86c8aa55852}</UniqueIdentifier>
    </Filter>
    <Filter Include="Header files\STM32Cube HAL\CORTEX">
      <UniqueIdentifier>{e6117953-1a3b-4c02-b6f3-9b2d3a5c2595}</UniqueIdentifier>
    </Filter>
    <Filter Include="Header files\STM32Cube HAL\TIM">
      <UniqueIdentifier>{d37d15aa-d296-40e9-9b48-66fbabde6995}</UniqueIdentifier>
    </Filter>
    <Filter Include="Header files\STM32Cube HAL\DMA">
      <UniqueIdentifier>{c6eeafde-473d-485b-9226-2cca941cf6bc}</UniqueIdentifier>
    </Filter>
    <Filter Include="Header files\STM32Cube HAL\PWR">
      <UniqueIdentifier>{031754ee-0f5c-44e6-9a3d-ee1c058bac2e}</UniqueIdentifier>
    </Filter>
    <Filter Include="Header files\STM32Cube HAL\SPI">
      <UniqueIdentifier>{720e935e-6fca-4d7f-98e7-868f93d2c5e4}</UniqueIdentifier>
    </Filter>
    <Filter Include="Header files\STM32Cube HAL\FLASH">
      <UniqueIdentifier>{c5469659-d98a-4445-a0ec-bc929d143a22}</UniqueIdentifier>
    </Filter>
    <Filter Include="Header files\STM32Cube HAL\GPIO">
      <UniqueIdentifier>{8f2ba823-17eb-4c1f-ab52-30113f9e27ba}</UniqueIdentifier>
    </Filter>
    <Filter Include="Header files\Device-specific files">
      <UniqueIdentifier>{1beb260f-3174-4fc3-9966-d374597839f5}</UniqueIdentifier>
    </Filter>
    <Filter Include="VisualGDB settings">
      <UniqueIdentifier>{a5579518-0799-4fe1-9332-f6694f1ec5e5}</UniqueIdentifier>
    </Filter>
    <Filter Include="Source files\network-lib">
      <UniqueIdentifier>{8d7732df-def4-4ae4-9cf3-4cb86dc99ec1}</UniqueIdentifier>
    </Filter>
    <Filter Include="Source files\network-lib\W5500">
      <UniqueIdentifier>{d40d52d8-81fa-49ae-ac23-4fc33e63943f}</UniqueIdentifier>
    </Filter>
    <Filter Include="Header files\network-lib">
      <UniqueIdentifier>{80408a92-641a-4c8a-970e-132b1c0c479e}</UniqueIdentifier>
    </Filter>
    <Filter Include="Header files\network-lib\W5500">
      <UniqueIdentifier>{25a4a0ac-eb15-4edc-ab28-469a1420b557}</UniqueIdentifier>
    </Filter>
    <Filter Include="Header files\network-lib\dhcp">
      <UniqueIdentifier>{41619867-4759-47d1-9da0-deebb38bba5c}</UniqueIdentifier>
    </Filter>
    <Filter Include="Source files\network-lib\dhcp">
      <UniqueIdentifier>{d7ec962a-6ff7-47e5-9226-d550e449eb5a}</UniqueIdentifier>
    </Filter>
    <Filter Include="Source files\STM32Cube HAL\RTC">
      <UniqueIdentifier>{80cbfafb-59a4-4b2c-ace2-2d3260b4c084}</UniqueIdentifier>
    </Filter>
    <Filter Include="Header files\STM32Cube HAL\RTC">
      <UniqueIdentifier>{0483558d-54a1-49ed-b4f4-120ee05ec085}</UniqueIdentifier>
    </Filter>
  </ItemGroup>
  <ItemGroup>
    <ClCompile Include="Src\gpio.c">
      <Filter>Source files</Filter>
    </ClCompile>
    <ClCompile Include="Src\spi.c">
      <Filter>Source files</Filter>
    </ClCompile>
    <ClCompile Include="Src\stm32f1xx_it.c">
      <Filter>Source files</Filter>
    </ClCompile>
    <ClCompile Include="Src\stm32f1xx_hal_msp.c">
      <Filter>Source files</Filter>
    </ClCompile>
    <ClCompile Include="Src\main.c">
      <Filter>Source files</Filter>
    </ClCompile>
    <ClCompile Include="..\..\..\..\..\Users\Rimvis\STM32Cube\Repository\STM32Cube_FW_F1_V1.6.0\Drivers\CMSIS\Device\ST\STM32F1xx\Source\Templates\system_stm32f1xx.c">
      <Filter>Source files\Startup</Filter>
    </ClCompile>
    <ClCompile Include="..\..\..\..\..\Users\Rimvis\STM32Cube\Repository\STM32Cube_FW_F1_V1.6.0\Drivers\STM32F1xx_HAL_Driver\Src\stm32f1xx_hal.c">
      <Filter>Source files\STM32Cube HAL\COMMON</Filter>
    </ClCompile>
    <ClCompile Include="..\..\..\..\..\Users\Rimvis\STM32Cube\Repository\STM32Cube_FW_F1_V1.6.0\Drivers\STM32F1xx_HAL_Driver\Src\stm32f1xx_hal_rcc.c">
      <Filter>Source files\STM32Cube HAL\RCC</Filter>
    </ClCompile>
    <ClCompile Include="..\..\..\..\..\Users\Rimvis\STM32Cube\Repository\STM32Cube_FW_F1_V1.6.0\Drivers\STM32F1xx_HAL_Driver\Src\stm32f1xx_hal_rcc_ex.c">
      <Filter>Source files\STM32Cube HAL\RCC</Filter>
    </ClCompile>
    <ClCompile Include="..\..\..\..\..\Users\Rimvis\STM32Cube\Repository\STM32Cube_FW_F1_V1.6.0\Drivers\STM32F1xx_HAL_Driver\Src\stm32f1xx_hal_cortex.c">
      <Filter>Source files\STM32Cube HAL\CORTEX</Filter>
    </ClCompile>
    <ClCompile Include="..\..\..\..\..\Users\Rimvis\STM32Cube\Repository\STM32Cube_FW_F1_V1.6.0\Drivers\STM32F1xx_HAL_Driver\Src\stm32f1xx_hal_tim.c">
      <Filter>Source files\STM32Cube HAL\TIM</Filter>
    </ClCompile>
    <ClCompile Include="..\..\..\..\..\Users\Rimvis\STM32Cube\Repository\STM32Cube_FW_F1_V1.6.0\Drivers\STM32F1xx_HAL_Driver\Src\stm32f1xx_hal_tim_ex.c">
      <Filter>Source files\STM32Cube HAL\TIM</Filter>
    </ClCompile>
    <ClCompile Include="..\..\..\..\..\Users\Rimvis\STM32Cube\Repository\STM32Cube_FW_F1_V1.6.0\Drivers\STM32F1xx_HAL_Driver\Src\stm32f1xx_hal_dma.c">
      <Filter>Source files\STM32Cube HAL\DMA</Filter>
    </ClCompile>
    <ClCompile Include="..\..\..\..\..\Users\Rimvis\STM32Cube\Repository\STM32Cube_FW_F1_V1.6.0\Drivers\STM32F1xx_HAL_Driver\Src\stm32f1xx_hal_pwr.c">
      <Filter>Source files\STM32Cube HAL\PWR</Filter>
    </ClCompile>
    <ClCompile Include="..\..\..\..\..\Users\Rimvis\STM32Cube\Repository\STM32Cube_FW_F1_V1.6.0\Drivers\STM32F1xx_HAL_Driver\Src\stm32f1xx_hal_spi.c">
      <Filter>Source files\STM32Cube HAL\SPI</Filter>
    </ClCompile>
    <ClCompile Include="..\..\..\..\..\Users\Rimvis\STM32Cube\Repository\STM32Cube_FW_F1_V1.6.0\Drivers\STM32F1xx_HAL_Driver\Src\stm32f1xx_hal_spi_ex.c">
      <Filter>Source files\STM32Cube HAL\SPI</Filter>
    </ClCompile>
    <ClCompile Include="..\..\..\..\..\Users\Rimvis\STM32Cube\Repository\STM32Cube_FW_F1_V1.6.0\Drivers\STM32F1xx_HAL_Driver\Src\stm32f1xx_hal_flash.c">
      <Filter>Source files\STM32Cube HAL\FLASH</Filter>
    </ClCompile>
    <ClCompile Include="..\..\..\..\..\Users\Rimvis\STM32Cube\Repository\STM32Cube_FW_F1_V1.6.0\Drivers\STM32F1xx_HAL_Driver\Src\stm32f1xx_hal_flash_ex.c">
      <Filter>Source files\STM32Cube HAL\FLASH</Filter>
    </ClCompile>
    <ClCompile Include="..\..\..\..\..\Users\Rimvis\STM32Cube\Repository\STM32Cube_FW_F1_V1.6.0\Drivers\STM32F1xx_HAL_Driver\Src\stm32f1xx_hal_gpio.c">
      <Filter>Source files\STM32Cube HAL\GPIO</Filter>
    </ClCompile>
    <None Include="stm32.props">
      <Filter>Source files\Device-specific files</Filter>
    </None>
    <ClCompile Include="$(BSP_ROOT)\STM32F1xxxx\StartupFiles\startup_stm32f103xb.c">
      <Filter>Source files\Device-specific files</Filter>
    </ClCompile>
    <ClInclude Include="Inc\gpio.h">
      <Filter>Header files</Filter>
    </ClInclude>
    <ClInclude Include="Inc\spi.h">
      <Filter>Header files</Filter>
    </ClInclude>
    <ClInclude Include="Inc\stm32f1xx_it.h">
      <Filter>Header files</Filter>
    </ClInclude>
    <ClInclude Include="Inc\stm32f1xx_hal_conf.h">
      <Filter>Header files</Filter>
    </ClInclude>
    <ClInclude Include="Inc\main.h">
      <Filter>Header files</Filter>
    </ClInclude>
    <ClInclude Include="..\..\..\..\..\Users\Rimvis\STM32Cube\Repository\STM32Cube_FW_F1_V1.6.0\Drivers\CMSIS\Device\ST\STM32F1xx\Include\stm32f1xx.h">
      <Filter>Header files\Startup</Filter>
    </ClInclude>
    <ClInclude Include="..\..\..\..\..\Users\Rimvis\STM32Cube\Repository\STM32Cube_FW_F1_V1.6.0\Drivers\CMSIS\Device\ST\STM32F1xx\Include\system_stm32f1xx.h">
      <Filter>Header files\Startup</Filter>
    </ClInclude>
    <ClInclude Include="..\..\..\..\..\Users\Rimvis\STM32Cube\Repository\STM32Cube_FW_F1_V1.6.0\Drivers\STM32F1xx_HAL_Driver\Inc\stm32f1xx_hal.h">
      <Filter>Header files\STM32Cube HAL\COMMON</Filter>
    </ClInclude>
    <ClInclude Include="..\..\..\..\..\Users\Rimvis\STM32Cube\Repository\STM32Cube_FW_F1_V1.6.0\Drivers\STM32F1xx_HAL_Driver\Inc\Legacy\stm32_hal_legacy.h">
      <Filter>Header files\STM32Cube HAL\COMMON</Filter>
    </ClInclude>
    <ClInclude Include="..\..\..\..\..\Users\Rimvis\STM32Cube\Repository\STM32Cube_FW_F1_V1.6.0\Drivers\STM32F1xx_HAL_Driver\Inc\stm32f1xx_hal_def.h">
      <Filter>Header files\STM32Cube HAL\COMMON</Filter>
    </ClInclude>
    <ClInclude Include="..\..\..\..\..\Users\Rimvis\STM32Cube\Repository\STM32Cube_FW_F1_V1.6.0\Drivers\STM32F1xx_HAL_Driver\Inc\stm32f1xx_hal_rcc.h">
      <Filter>Header files\STM32Cube HAL\RCC</Filter>
    </ClInclude>
    <ClInclude Include="..\..\..\..\..\Users\Rimvis\STM32Cube\Repository\STM32Cube_FW_F1_V1.6.0\Drivers\STM32F1xx_HAL_Driver\Inc\stm32f1xx_hal_rcc_ex.h">
      <Filter>Header files\STM32Cube HAL\RCC</Filter>
    </ClInclude>
    <ClInclude Include="..\..\..\..\..\Users\Rimvis\STM32Cube\Repository\STM32Cube_FW_F1_V1.6.0\Drivers\STM32F1xx_HAL_Driver\Inc\stm32f1xx_hal_cortex.h">
      <Filter>Header files\STM32Cube HAL\CORTEX</Filter>
    </ClInclude>
    <ClInclude Include="..\..\..\..\..\Users\Rimvis\STM32Cube\Repository\STM32Cube_FW_F1_V1.6.0\Drivers\STM32F1xx_HAL_Driver\Inc\stm32f1xx_hal_tim.h">
      <Filter>Header files\STM32Cube HAL\TIM</Filter>
    </ClInclude>
    <ClInclude Include="..\..\..\..\..\Users\Rimvis\STM32Cube\Repository\STM32Cube_FW_F1_V1.6.0\Drivers\STM32F1xx_HAL_Driver\Inc\stm32f1xx_hal_tim_ex.h">
      <Filter>Header files\STM32Cube HAL\TIM</Filter>
    </ClInclude>
    <ClInclude Include="..\..\..\..\..\Users\Rimvis\STM32Cube\Repository\STM32Cube_FW_F1_V1.6.0\Drivers\STM32F1xx_HAL_Driver\Inc\stm32f1xx_hal_dma_ex.h">
      <Filter>Header files\STM32Cube HAL\DMA</Filter>
    </ClInclude>
    <ClInclude Include="..\..\..\..\..\Users\Rimvis\STM32Cube\Repository\STM32Cube_FW_F1_V1.6.0\Drivers\STM32F1xx_HAL_Driver\Inc\stm32f1xx_hal_dma.h">
      <Filter>Header files\STM32Cube HAL\DMA</Filter>
    </ClInclude>
    <ClInclude Include="..\..\..\..\..\Users\Rimvis\STM32Cube\Repository\STM32Cube_FW_F1_V1.6.0\Drivers\STM32F1xx_HAL_Driver\Inc\stm32f1xx_hal_pwr.h">
      <Filter>Header files\STM32Cube HAL\PWR</Filter>
    </ClInclude>
    <ClInclude Include="..\..\..\..\..\Users\Rimvis\STM32Cube\Repository\STM32Cube_FW_F1_V1.6.0\Drivers\STM32F1xx_HAL_Driver\Inc\stm32f1xx_hal_spi.h">
      <Filter>Header files\STM32Cube HAL\SPI</Filter>
    </ClInclude>
    <ClInclude Include="..\..\..\..\..\Users\Rimvis\STM32Cube\Repository\STM32Cube_FW_F1_V1.6.0\Drivers\STM32F1xx_HAL_Driver\Inc\stm32f1xx_hal_spi_ex.h">
      <Filter>Header files\STM32Cube HAL\SPI</Filter>
    </ClInclude>
    <ClInclude Include="..\..\..\..\..\Users\Rimvis\STM32Cube\Repository\STM32Cube_FW_F1_V1.6.0\Drivers\STM32F1xx_HAL_Driver\Inc\stm32f1xx_hal_flash.h">
      <Filter>Header files\STM32Cube HAL\FLASH</Filter>
    </ClInclude>
    <ClInclude Include="..\..\..\..\..\Users\Rimvis\STM32Cube\Repository\STM32Cube_FW_F1_V1.6.0\Drivers\STM32F1xx_HAL_Driver\Inc\stm32f1xx_hal_flash_ex.h">
      <Filter>Header files\STM32Cube HAL\FLASH</Filter>
    </ClInclude>
    <ClInclude Include="..\..\..\..\..\Users\Rimvis\STM32Cube\Repository\STM32Cube_FW_F1_V1.6.0\Drivers\STM32F1xx_HAL_Driver\Inc\stm32f1xx_hal_gpio.h">
      <Filter>Header files\STM32Cube HAL\GPIO</Filter>
    </ClInclude>
    <ClInclude Include="..\..\..\..\..\Users\Rimvis\STM32Cube\Repository\STM32Cube_FW_F1_V1.6.0\Drivers\STM32F1xx_HAL_Driver\Inc\stm32f1xx_hal_gpio_ex.h">
      <Filter>Header files\STM32Cube HAL\GPIO</Filter>
    </ClInclude>
    <ClCompile Include="..\..\..\..\..\Users\Rimvis\STM32Cube\Repository\STM32Cube_FW_F1_V1.6.0\Drivers\STM32F1xx_HAL_Driver\Src\stm32f1xx_hal_gpio_ex.c">
      <Filter>Header files\STM32Cube HAL\GPIO</Filter>
    </ClCompile>
    <None Include="source-Debug.vgdbsettings">
      <Filter>VisualGDB settings</Filter>
    </None>
    <None Include="source-Release.vgdbsettings">
      <Filter>VisualGDB settings</Filter>
    </None>
    <None Include="stm32.xml">
      <Filter>VisualGDB settings</Filter>
    </None>
    <ClCompile Include="..\ioLibrary_Driver-master\Ethernet\socket.c">
      <Filter>Source files\network-lib</Filter>
    </ClCompile>
    <ClCompile Include="..\ioLibrary_Driver-master\Ethernet\wizchip_conf.c">
      <Filter>Source files\network-lib</Filter>
    </ClCompile>
    <ClCompile Include="..\ioLibrary_Driver-master\Ethernet\W5500\w5500.c">
      <Filter>Source files\network-lib\W5500</Filter>
    </ClCompile>
    <ClCompile Include="Src\network.c">
      <Filter>Source files</Filter>
    </ClCompile>
    <ClCompile Include="..\ioLibrary_Driver-master\Internet\DHCP\dhcp.c">
      <Filter>Source files\network-lib\dhcp</Filter>
    </ClCompile>
    <ClCompile Include="Src\rtc.c">
      <Filter>Source files</Filter>
    </ClCompile>
    <ClCompile Include="..\..\..\..\..\Users\Rimvis\STM32Cube\Repository\STM32Cube_FW_F1_V1.6.0\Drivers\STM32F1xx_HAL_Driver\Src\stm32f1xx_hal_rtc.c">
      <Filter>Source files\STM32Cube HAL\RTC</Filter>
    </ClCompile>
    <ClCompile Include="..\..\..\..\..\Users\Rimvis\STM32Cube\Repository\STM32Cube_FW_F1_V1.6.0\Drivers\STM32F1xx_HAL_Driver\Src\stm32f1xx_hal_rtc_ex.c">
      <Filter>Source files\STM32Cube HAL\RTC</Filter>
    </ClCompile>
    <ClInclude Include="..\..\..\..\..\Users\Rimvis\STM32Cube\Repository\STM32Cube_FW_F1_V1.6.0\Drivers\STM32F1xx_HAL_Driver\Inc\stm32f1xx_hal_rtc.h">
      <Filter>Header files\STM32Cube HAL\RTC</Filter>
    </ClInclude>
    <ClInclude Include="..\..\..\..\..\Users\Rimvis\STM32Cube\Repository\STM32Cube_FW_F1_V1.6.0\Drivers\STM32F1xx_HAL_Driver\Inc\stm32f1xx_hal_rtc_ex.h">
      <Filter>Header files\STM32Cube HAL\RTC</Filter>
    </ClInclude>
  </ItemGroup>
  <ItemGroup>
    <ClInclude Include="..\ioLibrary_Driver-master\Ethernet\socket.h">
      <Filter>Header files\network-lib</Filter>
    </ClInclude>
    <ClInclude Include="..\ioLibrary_Driver-master\Ethernet\wizchip_conf.h">
      <Filter>Header files\network-lib</Filter>
    </ClInclude>
    <ClInclude Include="..\ioLibrary_Driver-master\Ethernet\W5500\w5500.h">
      <Filter>Header files\network-lib\W5500</Filter>
    </ClInclude>
    <ClInclude Include="Inc\network.h">
      <Filter>Header files</Filter>
    </ClInclude>
    <ClInclude Include="..\ioLibrary_Driver-master\Internet\DHCP\dhcp.h">
      <Filter>Header files\network-lib\dhcp</Filter>
    </ClInclude>
    <ClInclude Include="Inc\rtc.h">
      <Filter>Header files</Filter>
    </ClInclude>
  </ItemGroup>
</Project>